
Microsoft Visual Studio Solution File, Format Version 12.00
# Visual Studio Version 16
VisualStudioVersion = 16.0.29123.88
MinimumVisualStudioVersion = 10.0.40219.1
Project("{9A19103F-16F7-4668-BE54-9A1E7A4F7556}") = "SwitchAppDesign.AniListAPI.v2", "SwitchAppDesign.AniListAPI.v2\SwitchAppDesign.AniListAPI.v2.csproj", "{ABBDD1A7-9934-400A-B909-C115F2C5AB62}"
EndProject
Project("{9A19103F-16F7-4668-BE54-9A1E7A4F7556}") = "ApiTestConsoleApp_Core", "ApiTestConsoleApp_Core\ApiTestConsoleApp_Core.csproj", "{0E4A7DA5-141A-4935-930D-575B927C8C69}"
EndProject
Global
	GlobalSection(SolutionConfigurationPlatforms) = preSolution
		Debug|Any CPU = Debug|Any CPU
		Release|Any CPU = Release|Any CPU
	EndGlobalSection
	GlobalSection(ProjectConfigurationPlatforms) = postSolution
		{ABBDD1A7-9934-400A-B909-C115F2C5AB62}.Debug|Any CPU.ActiveCfg = Debug|Any CPU
		{ABBDD1A7-9934-400A-B909-C115F2C5AB62}.Debug|Any CPU.Build.0 = Debug|Any CPU
		{ABBDD1A7-9934-400A-B909-C115F2C5AB62}.Release|Any CPU.ActiveCfg = Release|Any CPU
		{ABBDD1A7-9934-400A-B909-C115F2C5AB62}.Release|Any CPU.Build.0 = Release|Any CPU
		{0E4A7DA5-141A-4935-930D-575B927C8C69}.Debug|Any CPU.ActiveCfg = Debug|Any CPU
		{0E4A7DA5-141A-4935-930D-575B927C8C69}.Debug|Any CPU.Build.0 = Debug|Any CPU
		{0E4A7DA5-141A-4935-930D-575B927C8C69}.Release|Any CPU.ActiveCfg = Release|Any CPU
		{0E4A7DA5-141A-4935-930D-575B927C8C69}.Release|Any CPU.Build.0 = Release|Any CPU
	EndGlobalSection
	GlobalSection(SolutionProperties) = preSolution
		HideSolutionNode = FALSE
	EndGlobalSection
	GlobalSection(ExtensibilityGlobals) = postSolution
		SolutionGuid = {DEBF68A0-31AD-465C-9F16-41DE654355DD}
	EndGlobalSection
EndGlobal
